
Microsoft Visual Studio Solution File, Format Version 12.00
# Visual Studio Version 17
VisualStudioVersion = 17.11.35327.3
MinimumVisualStudioVersion = 10.0.40219.1
Project("{FAE04EC0-301F-11D3-BF4B-00C04F79EFBC}") = "RemoveEnemies", "RemoveEnemies\RemoveEnemies.csproj", "{C7A9441F-51AD-4F28-9669-778E18595552}"
EndProject
Global
	GlobalSection(SolutionConfigurationPlatforms) = preSolution
		Debug|Any CPU = Debug|Any CPU
		Release|Any CPU = Release|Any CPU
	EndGlobalSection
	GlobalSection(ProjectConfigurationPlatforms) = postSolution
		{C7A9441F-51AD-4F28-9669-778E18595552}.Debug|Any CPU.ActiveCfg = Debug|Any CPU
		{C7A9441F-51AD-4F28-9669-778E18595552}.Debug|Any CPU.Build.0 = Debug|Any CPU
		{C7A9441F-51AD-4F28-9669-778E18595552}.Release|Any CPU.ActiveCfg = Release|Any CPU
		{C7A9441F-51AD-4F28-9669-778E18595552}.Release|Any CPU.Build.0 = Release|Any CPU
	EndGlobalSection
	GlobalSection(SolutionProperties) = preSolution
		HideSolutionNode = FALSE
	EndGlobalSection
	GlobalSection(ExtensibilityGlobals) = postSolution
		SolutionGuid = {4E4A8FFD-2982-4652-81E1-E3FB2AD82E4A}
	EndGlobalSection
EndGlobal
